<?xml version="1.0" encoding="utf-8"?>
<Project ToolsVersion="4.0" xmlns="http://schemas.microsoft.com/developer/msbuild/2003">
  <ItemGroup>
    <ClInclude Include="FileTypeRegistrar.h" />
    <ClInclude Include="Preferences.h" />
    <ClInclude Include="foo_input_vgmstream.h" />
    <ClInclude Include="Resources.h" />
    <ClInclude Include="StreamFile.h" />
  </ItemGroup>
  <ItemGroup>
    <ClCompile Include="Preferences.cpp" />
    <ClCompile Include="StreamFile.cpp" />
    <ClCompile Include="foo_input_vgmstream.cpp" />
  </ItemGroup>
  <ItemGroup>
    <ResourceCompile Include="foo_input_vgmstream.rc" />
  </ItemGroup>
  <ItemGroup>
    <None Include=".gitignore" />
    <None Include="Build-FB2KComponent.ps1" />
    <None Include="LICENSE" />
    <None Include="README.md" />
    <None Include=".gitattributes" />
  </ItemGroup>
</Project>